<?xml version="1.0" encoding="utf-8"?>
<Project ToolsVersion="4.0" xmlns="http://schemas.microsoft.com/developer/msbuild/2003">
  <ItemGroup>
    <Filter Include="Resource Files">
      <UniqueIdentifier>{67DA6AB6-F800-4c08-8B7A-83BB121AAD01}</UniqueIdentifier>
      <Extensions>rc;ico;cur;bmp;dlg;rc2;rct;bin;rgs;gif;jpg;jpeg;jpe;resx;tiff;tif;png;wav;mfcribbon-ms</Extensions>
    </Filter>
    <Filter Include="Win32">
      <UniqueIdentifier>{4FC737F1-C7A5-4376-A066-2A32D752A2FF}</UniqueIdentifier>
      <Extensions>cpp;c;cc;cxx;def;odl;idl;hpj;bat;asm;asmx</Extensions>
    </Filter>
    <Filter Include="Plugin">
      <UniqueIdentifier>{9583e4af-563f-493f-a04b-2f094a6dd215}</UniqueIdentifier>
    </Filter>
    <Filter Include="Common">
      <UniqueIdentifier>{60b58a17-76b5-444e-9bf5-10e1e7e0f734}</UniqueIdentifier>
    </Filter>
  </ItemGroup>
  <ItemGroup>
    <None Include="xmlimporter.def">
      <Filter>Win32</Filter>
    </None>
    <None Include="res\xmlimporter.rc2">
      <Filter>Resource Files</Filter>
    </None>
    <None Include="post-build.bat" />
  </ItemGroup>
  <ItemGroup>
    <ClCompile Include="stdafx.cpp">
      <Filter>Win32</Filter>
    </ClCompile>
    <ClCompile Include="importoptionsdialog.cpp">
      <Filter>Win32</Filter>
    </ClCompile>
    <ClCompile Include="..\plugin\xmlplugin.cpp">
      <Filter>Plugin</Filter>
    </ClCompile>
    <ClCompile Include="xmlpluginwin.cpp">
      <Filter>Win32</Filter>
    </ClCompile>
    <ClCompile Include="..\common\xmlimporter.cpp">
      <Filter>Common</Filter>
    </ClCompile>
    <ClCompile Include="xmlimporterapp.cpp">
      <Filter>Win32</Filter>
    </ClCompile>
    <ClCompile Include="..\..\common\tinyxml2.cpp">
      <Filter>Common</Filter>
    </ClCompile>
    <ClCompile Include="..\..\common\xmlfile.cpp">
      <Filter>Common</Filter>
    </ClCompile>
  </ItemGroup>
  <ItemGroup>
    <ClInclude Include="stdafx.h">
      <Filter>Win32</Filter>
    </ClInclude>
    <ClInclude Include="Resource.h">
      <Filter>Win32</Filter>
    </ClInclude>
    <ClInclude Include="importoptionsdialog.h">
      <Filter>Win32</Filter>
    </ClInclude>
    <ClInclude Include="..\plugin\xmlplugin.h">
      <Filter>Plugin</Filter>
    </ClInclude>
    <ClInclude Include="xmlpluginwin.h">
      <Filter>Win32</Filter>
    </ClInclude>
    <ClInclude Include="..\common\xmlimporter.h">
      <Filter>Common</Filter>
    </ClInclude>
    <ClInclude Include="xmlimporterapp.h">
      <Filter>Win32</Filter>
    </ClInclude>
    <ClInclude Include="..\..\common\tinyxml2.h">
      <Filter>Common</Filter>
    </ClInclude>
    <ClInclude Include="..\..\common\xmlfile.h">
      <Filter>Common</Filter>
    </ClInclude>
    <ClInclude Include="..\..\common\utils.h">
      <Filter>Common</Filter>
    </ClInclude>
    <ClInclude Include="..\common\xmloptions.h">
      <Filter>Common</Filter>
    </ClInclude>
  </ItemGroup>
  <ItemGroup>
    <ResourceCompile Include="xmlimporter.rc">
      <Filter>Resource Files</Filter>
    </ResourceCompile>
  </ItemGroup>
</Project>